{
  "name": "tea-kiw",
  "version": "0.1.0",
  "lockfileVersion": 3,
  "requires": true,
  "packages": {
    "": {
      "name": "tea-kiw",
      "version": "1.1.2",
      "license": "ISC",
      "dependencies": {
        "tea-kiw": "^1.1.2"
      }
    },
    "node_modules/tea-kiw": {
      "version": "1.1.2",
      "resolved": "https://registry.npmjs.org/tea-kiw/-/tea-kiw-1.1.2.tgz",
      "integrity": "sha512-mrqXiw6EnABFv8yUNbPNHqdWFvz0SOR9lDGK8n/NHsJmlBV3afCfNMkrr7bRJ3abvuAbdIQkGZnN64nbhSFrGg==",
      "dependencies": {
        "tea-kiw": "^1.1.2"
      }
    }
  }
}
